
Microsoft Visual Studio Solution File, Format Version 12.00
# Visual Studio 15
VisualStudioVersion = 15.0.26124.0
MinimumVisualStudioVersion = 15.0.26124.0
Project("{FAE04EC0-301F-11D3-BF4B-00C04F79EFBC}") = "Domain", "Domain\Domain.csproj", "{E0B88C5A-324F-40AF-8B94-5AA9BEE1A218}"
EndProject
Project("{FAE04EC0-301F-11D3-BF4B-00C04F79EFBC}") = "Application", "Application\Application.csproj", "{2B3A1058-D343-4542-B614-AF5139648307}"
EndProject
Project("{FAE04EC0-301F-11D3-BF4B-00C04F79EFBC}") = "Persistance", "Persistance\Persistance.csproj", "{6A1651F6-D4DE-44FB-9989-84A61CA1CD83}"
EndProject
Project("{FAE04EC0-301F-11D3-BF4B-00C04F79EFBC}") = "API", "API\API.csproj", "{DD5456D7-5E31-43DA-B079-42447E9E0D94}"
EndProject
Global
	GlobalSection(SolutionConfigurationPlatforms) = preSolution
		Debug|Any CPU = Debug|Any CPU
		Debug|x64 = Debug|x64
		Debug|x86 = Debug|x86
		Release|Any CPU = Release|Any CPU
		Release|x64 = Release|x64
		Release|x86 = Release|x86
	EndGlobalSection
	GlobalSection(SolutionProperties) = preSolution
		HideSolutionNode = FALSE
	EndGlobalSection
	GlobalSection(ProjectConfigurationPlatforms) = postSolution
		{E0B88C5A-324F-40AF-8B94-5AA9BEE1A218}.Debug|Any CPU.ActiveCfg = Debug|Any CPU
		{E0B88C5A-324F-40AF-8B94-5AA9BEE1A218}.Debug|Any CPU.Build.0 = Debug|Any CPU
		{E0B88C5A-324F-40AF-8B94-5AA9BEE1A218}.Debug|x64.ActiveCfg = Debug|Any CPU
		{E0B88C5A-324F-40AF-8B94-5AA9BEE1A218}.Debug|x64.Build.0 = Debug|Any CPU
		{E0B88C5A-324F-40AF-8B94-5AA9BEE1A218}.Debug|x86.ActiveCfg = Debug|Any CPU
		{E0B88C5A-324F-40AF-8B94-5AA9BEE1A218}.Debug|x86.Build.0 = Debug|Any CPU
		{E0B88C5A-324F-40AF-8B94-5AA9BEE1A218}.Release|Any CPU.ActiveCfg = Release|Any CPU
		{E0B88C5A-324F-40AF-8B94-5AA9BEE1A218}.Release|Any CPU.Build.0 = Release|Any CPU
		{E0B88C5A-324F-40AF-8B94-5AA9BEE1A218}.Release|x64.ActiveCfg = Release|Any CPU
		{E0B88C5A-324F-40AF-8B94-5AA9BEE1A218}.Release|x64.Build.0 = Release|Any CPU
		{E0B88C5A-324F-40AF-8B94-5AA9BEE1A218}.Release|x86.ActiveCfg = Release|Any CPU
		{E0B88C5A-324F-40AF-8B94-5AA9BEE1A218}.Release|x86.Build.0 = Release|Any CPU
		{2B3A1058-D343-4542-B614-AF5139648307}.Debug|Any CPU.ActiveCfg = Debug|Any CPU
		{2B3A1058-D343-4542-B614-AF5139648307}.Debug|Any CPU.Build.0 = Debug|Any CPU
		{2B3A1058-D343-4542-B614-AF5139648307}.Debug|x64.ActiveCfg = Debug|Any CPU
		{2B3A1058-D343-4542-B614-AF5139648307}.Debug|x64.Build.0 = Debug|Any CPU
		{2B3A1058-D343-4542-B614-AF5139648307}.Debug|x86.ActiveCfg = Debug|Any CPU
		{2B3A1058-D343-4542-B614-AF5139648307}.Debug|x86.Build.0 = Debug|Any CPU
		{2B3A1058-D343-4542-B614-AF5139648307}.Release|Any CPU.ActiveCfg = Release|Any CPU
		{2B3A1058-D343-4542-B614-AF5139648307}.Release|Any CPU.Build.0 = Release|Any CPU
		{2B3A1058-D343-4542-B614-AF5139648307}.Release|x64.ActiveCfg = Release|Any CPU
		{2B3A1058-D343-4542-B614-AF5139648307}.Release|x64.Build.0 = Release|Any CPU
		{2B3A1058-D343-4542-B614-AF5139648307}.Release|x86.ActiveCfg = Release|Any CPU
		{2B3A1058-D343-4542-B614-AF5139648307}.Release|x86.Build.0 = Release|Any CPU
		{6A1651F6-D4DE-44FB-9989-84A61CA1CD83}.Debug|Any CPU.ActiveCfg = Debug|Any CPU
		{6A1651F6-D4DE-44FB-9989-84A61CA1CD83}.Debug|Any CPU.Build.0 = Debug|Any CPU
		{6A1651F6-D4DE-44FB-9989-84A61CA1CD83}.Debug|x64.ActiveCfg = Debug|Any CPU
		{6A1651F6-D4DE-44FB-9989-84A61CA1CD83}.Debug|x64.Build.0 = Debug|Any CPU
		{6A1651F6-D4DE-44FB-9989-84A61CA1CD83}.Debug|x86.ActiveCfg = Debug|Any CPU
		{6A1651F6-D4DE-44FB-9989-84A61CA1CD83}.Debug|x86.Build.0 = Debug|Any CPU
		{6A1651F6-D4DE-44FB-9989-84A61CA1CD83}.Release|Any CPU.ActiveCfg = Release|Any CPU
		{6A1651F6-D4DE-44FB-9989-84A61CA1CD83}.Release|Any CPU.Build.0 = Release|Any CPU
		{6A1651F6-D4DE-44FB-9989-84A61CA1CD83}.Release|x64.ActiveCfg = Release|Any CPU
		{6A1651F6-D4DE-44FB-9989-84A61CA1CD83}.Release|x64.Build.0 = Release|Any CPU
		{6A1651F6-D4DE-44FB-9989-84A61CA1CD83}.Release|x86.ActiveCfg = Release|Any CPU
		{6A1651F6-D4DE-44FB-9989-84A61CA1CD83}.Release|x86.Build.0 = Release|Any CPU
		{DD5456D7-5E31-43DA-B079-42447E9E0D94}.Debug|Any CPU.ActiveCfg = Debug|Any CPU
		{DD5456D7-5E31-43DA-B079-42447E9E0D94}.Debug|Any CPU.Build.0 = Debug|Any CPU
		{DD5456D7-5E31-43DA-B079-42447E9E0D94}.Debug|x64.ActiveCfg = Debug|Any CPU
		{DD5456D7-5E31-43DA-B079-42447E9E0D94}.Debug|x64.Build.0 = Debug|Any CPU
		{DD5456D7-5E31-43DA-B079-42447E9E0D94}.Debug|x86.ActiveCfg = Debug|Any CPU
		{DD5456D7-5E31-43DA-B079-42447E9E0D94}.Debug|x86.Build.0 = Debug|Any CPU
		{DD5456D7-5E31-43DA-B079-42447E9E0D94}.Release|Any CPU.ActiveCfg = Release|Any CPU
		{DD5456D7-5E31-43DA-B079-42447E9E0D94}.Release|Any CPU.Build.0 = Release|Any CPU
		{DD5456D7-5E31-43DA-B079-42447E9E0D94}.Release|x64.ActiveCfg = Release|Any CPU
		{DD5456D7-5E31-43DA-B079-42447E9E0D94}.Release|x64.Build.0 = Release|Any CPU
		{DD5456D7-5E31-43DA-B079-42447E9E0D94}.Release|x86.ActiveCfg = Release|Any CPU
		{DD5456D7-5E31-43DA-B079-42447E9E0D94}.Release|x86.Build.0 = Release|Any CPU
	EndGlobalSection
EndGlobal
